
Microsoft Visual Studio Solution File, Format Version 12.00
# Visual Studio 2012
Project("{FAE04EC0-301F-11D3-BF4B-00C04F79EFBC}") = "DFS", "DFS.csproj", "{988EF5E5-E158-4434-9BBB-FF0525CC59EE}"
EndProject
Global
	GlobalSection(SolutionConfigurationPlatforms) = preSolution
		Debug|Any CPU = Debug|Any CPU
		Release|Any CPU = Release|Any CPU
	EndGlobalSection
	GlobalSection(ProjectConfigurationPlatforms) = postSolution
		{988EF5E5-E158-4434-9BBB-FF0525CC59EE}.Debug|Any CPU.ActiveCfg = Debug|Any CPU
		{988EF5E5-E158-4434-9BBB-FF0525CC59EE}.Debug|Any CPU.Build.0 = Debug|Any CPU
		{988EF5E5-E158-4434-9BBB-FF0525CC59EE}.Release|Any CPU.ActiveCfg = Release|Any CPU
		{988EF5E5-E158-4434-9BBB-FF0525CC59EE}.Release|Any CPU.Build.0 = Release|Any CPU
	EndGlobalSection
EndGlobal
